{
  "name": "minimal-mistakes",
  "version": "4.26.2",
  "lockfileVersion": 3,
  "requires": true,
  "packages": {
    "": {
      "name": "minimal-mistakes",
      "version": "4.26.2",
      "license": "MIT",
      "devDependencies": {
        "rollup-plugin-sass-migrator": "^1.0.5",
        "uglify-js": "^3.17.4"
      },
      "engines": {
        "node": ">= 0.10.0"
      }
    },
    "node_modules/rollup-plugin-sass-migrator": {
      "version": "1.0.5",
      "resolved": "https://registry.npmjs.org/rollup-plugin-sass-migrator/-/rollup-plugin-sass-migrator-1.0.5.tgz",
      "integrity": "sha512-25f7+AfPtWm2jd8OWo2KBbpR5UWGhWmDw7e2BwQPaXqOB4mIAcVLB0hJNjJQioa4o2AL1eDsgVLyY51I8hy/vg==",
      "dev": true,
      "license": "MIT",
      "peerDependencies": {
        "sass-migrator": "^1"
      }
    },
    "node_modules/sass-migrator": {
      "version": "1.8.1",
      "resolved": "https://registry.npmjs.org/sass-migrator/-/sass-migrator-1.8.1.tgz",
      "integrity": "sha512-7F7+Dx2rzNN6vhqBjGo7Bl43NCnvPS5hP7YCMRCxW8FwRpcoM6rOsNFjwy8g329HH6ebKjdMnnYgtfRxtnz2kg==",
      "dev": true,
      "license": "MIT",
      "peer": true,
      "bin": {
        "sass-migrator": "sass-migrator.js"
      },
      "engines": {
        "node": ">=10.12.0"
      }
    },
    "node_modules/uglify-js": {
      "version": "3.17.4",
      "resolved": "https://registry.npmjs.org/uglify-js/-/uglify-js-3.17.4.tgz",
      "integrity": "sha512-T9q82TJI9e/C1TAxYvfb16xO120tMVFZrGA3f9/P4424DNu6ypK103y0GPFVa17yotwSyZW5iYXgjYHkGrJW/g==",
      "dev": true,
      "bin": {
        "uglifyjs": "bin/uglifyjs"
      },
      "engines": {
        "node": ">=0.8.0"
      }
    }
  }
}
